
Microsoft Visual Studio Solution File, Format Version 12.00
# Visual Studio Version 16
VisualStudioVersion = 16.0.30717.126
MinimumVisualStudioVersion = 10.0.40219.1
Project("{FAE04EC0-301F-11D3-BF4B-00C04F79EFBC}") = "backend-2", "backend-2\backend-2.csproj", "{4265AD76-B333-4279-A699-439DF56926E2}"
EndProject
Global
	GlobalSection(SolutionConfigurationPlatforms) = preSolution
		Debug|Any CPU = Debug|Any CPU
		Release|Any CPU = Release|Any CPU
	EndGlobalSection
	GlobalSection(ProjectConfigurationPlatforms) = postSolution
		{4265AD76-B333-4279-A699-439DF56926E2}.Debug|Any CPU.ActiveCfg = Debug|Any CPU
		{4265AD76-B333-4279-A699-439DF56926E2}.Debug|Any CPU.Build.0 = Debug|Any CPU
		{4265AD76-B333-4279-A699-439DF56926E2}.Release|Any CPU.ActiveCfg = Release|Any CPU
		{4265AD76-B333-4279-A699-439DF56926E2}.Release|Any CPU.Build.0 = Release|Any CPU
	EndGlobalSection
	GlobalSection(SolutionProperties) = preSolution
		HideSolutionNode = FALSE
	EndGlobalSection
	GlobalSection(ExtensibilityGlobals) = postSolution
		SolutionGuid = {FA9061C4-A666-482A-9AC4-A8F31D818C07}
	EndGlobalSection
EndGlobal
